
Microsoft Visual Studio Solution File, Format Version 12.00
# Visual Studio Version 17
VisualStudioVersion = 17.7.34202.233
MinimumVisualStudioVersion = 10.0.40219.1
Project("{9A19103F-16F7-4668-BE54-9A1E7A4F7556}") = "SiteWeb", "SiteWeb\SiteWeb.csproj", "{863F8F35-6BF3-4BD4-B6AD-A61216CF45C0}"
EndProject
Project("{9A19103F-16F7-4668-BE54-9A1E7A4F7556}") = "Models", "Models\Models.csproj", "{33E80095-4E05-4FFD-A389-43E24C759E5E}"
EndProject
Project("{FAE04EC0-301F-11D3-BF4B-00C04F79EFBC}") = "BLL", "BLL\BLL.csproj", "{FCA09C7F-5CE0-4949-AFB8-6CF0CF30B501}"
EndProject
Project("{FAE04EC0-301F-11D3-BF4B-00C04F79EFBC}") = "DAL", "DAL\DAL.csproj", "{F17851D5-6929-430F-A373-A92917871401}"
EndProject
Global
	GlobalSection(SolutionConfigurationPlatforms) = preSolution
		Debug|Any CPU = Debug|Any CPU
		Release|Any CPU = Release|Any CPU
	EndGlobalSection
	GlobalSection(ProjectConfigurationPlatforms) = postSolution
		{863F8F35-6BF3-4BD4-B6AD-A61216CF45C0}.Debug|Any CPU.ActiveCfg = Debug|Any CPU
		{863F8F35-6BF3-4BD4-B6AD-A61216CF45C0}.Debug|Any CPU.Build.0 = Debug|Any CPU
		{863F8F35-6BF3-4BD4-B6AD-A61216CF45C0}.Release|Any CPU.ActiveCfg = Release|Any CPU
		{863F8F35-6BF3-4BD4-B6AD-A61216CF45C0}.Release|Any CPU.Build.0 = Release|Any CPU
		{33E80095-4E05-4FFD-A389-43E24C759E5E}.Debug|Any CPU.ActiveCfg = Debug|Any CPU
		{33E80095-4E05-4FFD-A389-43E24C759E5E}.Debug|Any CPU.Build.0 = Debug|Any CPU
		{33E80095-4E05-4FFD-A389-43E24C759E5E}.Release|Any CPU.ActiveCfg = Release|Any CPU
		{33E80095-4E05-4FFD-A389-43E24C759E5E}.Release|Any CPU.Build.0 = Release|Any CPU
		{FCA09C7F-5CE0-4949-AFB8-6CF0CF30B501}.Debug|Any CPU.ActiveCfg = Debug|Any CPU
		{FCA09C7F-5CE0-4949-AFB8-6CF0CF30B501}.Debug|Any CPU.Build.0 = Debug|Any CPU
		{FCA09C7F-5CE0-4949-AFB8-6CF0CF30B501}.Release|Any CPU.ActiveCfg = Release|Any CPU
		{FCA09C7F-5CE0-4949-AFB8-6CF0CF30B501}.Release|Any CPU.Build.0 = Release|Any CPU
		{F17851D5-6929-430F-A373-A92917871401}.Debug|Any CPU.ActiveCfg = Debug|Any CPU
		{F17851D5-6929-430F-A373-A92917871401}.Debug|Any CPU.Build.0 = Debug|Any CPU
		{F17851D5-6929-430F-A373-A92917871401}.Release|Any CPU.ActiveCfg = Release|Any CPU
		{F17851D5-6929-430F-A373-A92917871401}.Release|Any CPU.Build.0 = Release|Any CPU
	EndGlobalSection
	GlobalSection(SolutionProperties) = preSolution
		HideSolutionNode = FALSE
	EndGlobalSection
	GlobalSection(ExtensibilityGlobals) = postSolution
		SolutionGuid = {94A28A34-D132-4B8E-8A0E-B01D3577F756}
	EndGlobalSection
EndGlobal
